
Microsoft Visual Studio Solution File, Format Version 12.00
# Visual Studio Version 17
VisualStudioVersion = 17.5.002.0
MinimumVisualStudioVersion = 10.0.40219.1
Project("{9A19103F-16F7-4668-BE54-9A1E7A4F7556}") = "Imitando_a_dory", "Imitando_a_dory.csproj", "{39AC7304-66F7-4CA0-9E24-B8444B44F1E8}"
EndProject
Global
	GlobalSection(SolutionConfigurationPlatforms) = preSolution
		Debug|Any CPU = Debug|Any CPU
		Release|Any CPU = Release|Any CPU
	EndGlobalSection
	GlobalSection(ProjectConfigurationPlatforms) = postSolution
		{39AC7304-66F7-4CA0-9E24-B8444B44F1E8}.Debug|Any CPU.ActiveCfg = Debug|Any CPU
		{39AC7304-66F7-4CA0-9E24-B8444B44F1E8}.Debug|Any CPU.Build.0 = Debug|Any CPU
		{39AC7304-66F7-4CA0-9E24-B8444B44F1E8}.Release|Any CPU.ActiveCfg = Release|Any CPU
		{39AC7304-66F7-4CA0-9E24-B8444B44F1E8}.Release|Any CPU.Build.0 = Release|Any CPU
	EndGlobalSection
	GlobalSection(SolutionProperties) = preSolution
		HideSolutionNode = FALSE
	EndGlobalSection
	GlobalSection(ExtensibilityGlobals) = postSolution
		SolutionGuid = {D47CB9C6-D668-4AFA-9100-C8ACEF28D444}
	EndGlobalSection
EndGlobal
